
Microsoft Visual Studio Solution File, Format Version 12.00
# Visual Studio Version 17
VisualStudioVersion = 17.2.32519.379
MinimumVisualStudioVersion = 10.0.40219.1
Project("{FAE04EC0-301F-11D3-BF4B-00C04F79EFBC}") = "PryKaplanPOO", "PryKaplanPOO.csproj", "{7943629B-2898-4F5D-9C19-B791D141870C}"
EndProject
Global
	GlobalSection(SolutionConfigurationPlatforms) = preSolution
		Debug|Any CPU = Debug|Any CPU
		Release|Any CPU = Release|Any CPU
	EndGlobalSection
	GlobalSection(ProjectConfigurationPlatforms) = postSolution
		{7943629B-2898-4F5D-9C19-B791D141870C}.Debug|Any CPU.ActiveCfg = Debug|Any CPU
		{7943629B-2898-4F5D-9C19-B791D141870C}.Debug|Any CPU.Build.0 = Debug|Any CPU
		{7943629B-2898-4F5D-9C19-B791D141870C}.Release|Any CPU.ActiveCfg = Release|Any CPU
		{7943629B-2898-4F5D-9C19-B791D141870C}.Release|Any CPU.Build.0 = Release|Any CPU
	EndGlobalSection
	GlobalSection(SolutionProperties) = preSolution
		HideSolutionNode = FALSE
	EndGlobalSection
	GlobalSection(ExtensibilityGlobals) = postSolution
		SolutionGuid = {B4378515-05C5-485F-B6B3-7F8D1FFFE1A4}
	EndGlobalSection
EndGlobal
